
Microsoft Visual Studio Solution File, Format Version 12.00
# Visual Studio Version 17
VisualStudioVersion = 17.10.34928.147
MinimumVisualStudioVersion = 10.0.40219.1
Project("{FAE04EC0-301F-11D3-BF4B-00C04F79EFBC}") = "Tasks", "Tasks\Tasks.csproj", "{2CA5BBCC-BE92-4006-BFBF-EA5CE47871FE}"
EndProject
Project("{FAE04EC0-301F-11D3-BF4B-00C04F79EFBC}") = "DAL", "DAL\DAL.csproj", "{24AE7DE9-E89F-4146-A3B7-E7B19320D84F}"
EndProject
Project("{FAE04EC0-301F-11D3-BF4B-00C04F79EFBC}") = "BLL", "BLL\BLL.csproj", "{9CE6AC80-7AC0-417D-9758-A7BD53C4C342}"
EndProject
Global
	GlobalSection(SolutionConfigurationPlatforms) = preSolution
		Debug|Any CPU = Debug|Any CPU
		Release|Any CPU = Release|Any CPU
	EndGlobalSection
	GlobalSection(ProjectConfigurationPlatforms) = postSolution
		{2CA5BBCC-BE92-4006-BFBF-EA5CE47871FE}.Debug|Any CPU.ActiveCfg = Debug|Any CPU
		{2CA5BBCC-BE92-4006-BFBF-EA5CE47871FE}.Debug|Any CPU.Build.0 = Debug|Any CPU
		{2CA5BBCC-BE92-4006-BFBF-EA5CE47871FE}.Release|Any CPU.ActiveCfg = Release|Any CPU
		{2CA5BBCC-BE92-4006-BFBF-EA5CE47871FE}.Release|Any CPU.Build.0 = Release|Any CPU
		{24AE7DE9-E89F-4146-A3B7-E7B19320D84F}.Debug|Any CPU.ActiveCfg = Debug|Any CPU
		{24AE7DE9-E89F-4146-A3B7-E7B19320D84F}.Debug|Any CPU.Build.0 = Debug|Any CPU
		{24AE7DE9-E89F-4146-A3B7-E7B19320D84F}.Release|Any CPU.ActiveCfg = Release|Any CPU
		{24AE7DE9-E89F-4146-A3B7-E7B19320D84F}.Release|Any CPU.Build.0 = Release|Any CPU
		{9CE6AC80-7AC0-417D-9758-A7BD53C4C342}.Debug|Any CPU.ActiveCfg = Debug|Any CPU
		{9CE6AC80-7AC0-417D-9758-A7BD53C4C342}.Debug|Any CPU.Build.0 = Debug|Any CPU
		{9CE6AC80-7AC0-417D-9758-A7BD53C4C342}.Release|Any CPU.ActiveCfg = Release|Any CPU
		{9CE6AC80-7AC0-417D-9758-A7BD53C4C342}.Release|Any CPU.Build.0 = Release|Any CPU
	EndGlobalSection
	GlobalSection(SolutionProperties) = preSolution
		HideSolutionNode = FALSE
	EndGlobalSection
	GlobalSection(ExtensibilityGlobals) = postSolution
		SolutionGuid = {45765416-D029-4900-9FA2-4A8FED28F4E6}
	EndGlobalSection
EndGlobal
